{
  "name": "majiang",
  "version": "1.0.0",
  "lockfileVersion": 3,
  "requires": true,
  "packages": {
    "": {
      "name": "majiang",
      "version": "1.0.0",
      "license": "ISC",
      "dependencies": {
        "@vant/area-data": "^1.5.2",
        "@vant/weapp": "^1.10.22"
      },
      "devDependencies": {}
    },
    "node_modules/@vant/area-data": {
      "version": "1.5.2",
      "resolved": "https://registry.npmjs.org/@vant/area-data/-/area-data-1.5.2.tgz",
      "integrity": "sha512-Gtxgt6Rjgopt6234ANpO0bBsSwtjZ23lBlVDHIy8Mi2NJqyoj1vgVWY0dri8/2LCZAWzQ6EnwRrUVViUZ0cvMA==",
      "license": "MIT"
    },
    "node_modules/@vant/weapp": {
      "version": "1.10.22",
      "resolved": "https://registry.npmjs.org/@vant/weapp/-/weapp-1.10.22.tgz",
      "integrity": "sha512-OJYwwUqcBG9UxQEQOHz9Vpvb0PNhYaXUXBPMDJ0WPZCuB2aQqwUjcNifaB8q7LRLYq5OOzInQoG1X4+NESrVzw=="
    }
  }
}
